
Microsoft Visual Studio Solution File, Format Version 12.00
# Visual Studio Version 17
VisualStudioVersion = 17.7.34024.191
MinimumVisualStudioVersion = 10.0.40219.1
Project("{FAE04EC0-301F-11D3-BF4B-00C04F79EFBC}") = "DelegatesAssignment", "DelegatesAssignment\DelegatesAssignment.csproj", "{EF9FE910-B621-42F2-9D59-DF804C15E2F1}"
EndProject
Global
	GlobalSection(SolutionConfigurationPlatforms) = preSolution
		Debug|Any CPU = Debug|Any CPU
		Release|Any CPU = Release|Any CPU
	EndGlobalSection
	GlobalSection(ProjectConfigurationPlatforms) = postSolution
		{EF9FE910-B621-42F2-9D59-DF804C15E2F1}.Debug|Any CPU.ActiveCfg = Debug|Any CPU
		{EF9FE910-B621-42F2-9D59-DF804C15E2F1}.Debug|Any CPU.Build.0 = Debug|Any CPU
		{EF9FE910-B621-42F2-9D59-DF804C15E2F1}.Release|Any CPU.ActiveCfg = Release|Any CPU
		{EF9FE910-B621-42F2-9D59-DF804C15E2F1}.Release|Any CPU.Build.0 = Release|Any CPU
	EndGlobalSection
	GlobalSection(SolutionProperties) = preSolution
		HideSolutionNode = FALSE
	EndGlobalSection
	GlobalSection(ExtensibilityGlobals) = postSolution
		SolutionGuid = {AAD9B57C-5E41-4C55-87C9-38B11966FF09}
	EndGlobalSection
EndGlobal
